
Microsoft Visual Studio Solution File, Format Version 12.00
# Visual Studio 15
VisualStudioVersion = 15.0.27004.2010
MinimumVisualStudioVersion = 10.0.40219.1
Project("{FAE04EC0-301F-11D3-BF4B-00C04F79EFBC}") = "PS.QRA.Android", "PS.QRA\PS.QRA.Android\PS.QRA.Android.csproj", "{481D0726-17DA-4CB1-BA0A-CF371055462A}"
EndProject
Project("{FAE04EC0-301F-11D3-BF4B-00C04F79EFBC}") = "PS.QRA", "PS.QRA\PS.QRA\PS.QRA.csproj", "{EEF876B7-DF8D-40C9-B7B4-C0D2250A0755}"
EndProject
Project("{FAE04EC0-301F-11D3-BF4B-00C04F79EFBC}") = "PS.QRA.UWP", "PS.QRA\PS.QRA.UWP\PS.QRA.UWP.csproj", "{B469863D-C381-4C30-8C89-C42AF035321B}"
EndProject
Project("{FAE04EC0-301F-11D3-BF4B-00C04F79EFBC}") = "PS.QRA.iOS", "PS.QRA\PS.QRA.iOS\PS.QRA.iOS.csproj", "{CCF8CA78-BA2C-4979-96FD-7AB9DC72E316}"
EndProject
Project("{FAE04EC0-301F-11D3-BF4B-00C04F79EFBC}") = "PS.QRA.Test", "PS.QRA.Test\PS.QRA.Test.csproj", "{4710BE3E-196C-4C22-BAA3-C0E60B19D587}"
EndProject
Global
	GlobalSection(SolutionConfigurationPlatforms) = preSolution
		Ad-Hoc|Any CPU = Ad-Hoc|Any CPU
		Ad-Hoc|ARM = Ad-Hoc|ARM
		Ad-Hoc|iPhone = Ad-Hoc|iPhone
		Ad-Hoc|iPhoneSimulator = Ad-Hoc|iPhoneSimulator
		Ad-Hoc|x64 = Ad-Hoc|x64
		Ad-Hoc|x86 = Ad-Hoc|x86
		AppStore|Any CPU = AppStore|Any CPU
		AppStore|ARM = AppStore|ARM
		AppStore|iPhone = AppStore|iPhone
		AppStore|iPhoneSimulator = AppStore|iPhoneSimulator
		AppStore|x64 = AppStore|x64
		AppStore|x86 = AppStore|x86
		Debug|Any CPU = Debug|Any CPU
		Debug|ARM = Debug|ARM
		Debug|iPhone = Debug|iPhone
		Debug|iPhoneSimulator = Debug|iPhoneSimulator
		Debug|x64 = Debug|x64
		Debug|x86 = Debug|x86
		Release|Any CPU = Release|Any CPU
		Release|ARM = Release|ARM
		Release|iPhone = Release|iPhone
		Release|iPhoneSimulator = Release|iPhoneSimulator
		Release|x64 = Release|x64
		Release|x86 = Release|x86
	EndGlobalSection
	GlobalSection(ProjectConfigurationPlatforms) = postSolution
		{481D0726-17DA-4CB1-BA0A-CF371055462A}.Ad-Hoc|Any CPU.ActiveCfg = Release|Any CPU
		{481D0726-17DA-4CB1-BA0A-CF371055462A}.Ad-Hoc|Any CPU.Build.0 = Release|Any CPU
		{481D0726-17DA-4CB1-BA0A-CF371055462A}.Ad-Hoc|Any CPU.Deploy.0 = Release|Any CPU
		{481D0726-17DA-4CB1-BA0A-CF371055462A}.Ad-Hoc|ARM.ActiveCfg = Release|Any CPU
		{481D0726-17DA-4CB1-BA0A-CF371055462A}.Ad-Hoc|ARM.Build.0 = Release|Any CPU
		{481D0726-17DA-4CB1-BA0A-CF371055462A}.Ad-Hoc|ARM.Deploy.0 = Release|Any CPU
		{481D0726-17DA-4CB1-BA0A-CF371055462A}.Ad-Hoc|iPhone.ActiveCfg = Release|Any CPU
		{481D0726-17DA-4CB1-BA0A-CF371055462A}.Ad-Hoc|iPhone.Build.0 = Release|Any CPU
		{481D0726-17DA-4CB1-BA0A-CF371055462A}.Ad-Hoc|iPhone.Deploy.0 = Release|Any CPU
		{481D0726-17DA-4CB1-BA0A-CF371055462A}.Ad-Hoc|iPhoneSimulator.ActiveCfg = Release|Any CPU
		{481D0726-17DA-4CB1-BA0A-CF371055462A}.Ad-Hoc|iPhoneSimulator.Build.0 = Release|Any CPU
		{481D0726-17DA-4CB1-BA0A-CF371055462A}.Ad-Hoc|iPhoneSimulator.Deploy.0 = Release|Any CPU
		{481D0726-17DA-4CB1-BA0A-CF371055462A}.Ad-Hoc|x64.ActiveCfg = Release|Any CPU
		{481D0726-17DA-4CB1-BA0A-CF371055462A}.Ad-Hoc|x64.Build.0 = Release|Any CPU
		{481D0726-17DA-4CB1-BA0A-CF371055462A}.Ad-Hoc|x64.Deploy.0 = Release|Any CPU
		{481D0726-17DA-4CB1-BA0A-CF371055462A}.Ad-Hoc|x86.ActiveCfg = Release|Any CPU
		{481D0726-17DA-4CB1-BA0A-CF371055462A}.Ad-Hoc|x86.Build.0 = Release|Any CPU
		{481D0726-17DA-4CB1-BA0A-CF371055462A}.Ad-Hoc|x86.Deploy.0 = Release|Any CPU
		{481D0726-17DA-4CB1-BA0A-CF371055462A}.AppStore|Any CPU.ActiveCfg = Release|Any CPU
		{481D0726-17DA-4CB1-BA0A-CF371055462A}.AppStore|Any CPU.Build.0 = Release|Any CPU
		{481D0726-17DA-4CB1-BA0A-CF371055462A}.AppStore|Any CPU.Deploy.0 = Release|Any CPU
		{481D0726-17DA-4CB1-BA0A-CF371055462A}.AppStore|ARM.ActiveCfg = Release|Any CPU
		{481D0726-17DA-4CB1-BA0A-CF371055462A}.AppStore|ARM.Build.0 = Release|Any CPU
		{481D0726-17DA-4CB1-BA0A-CF371055462A}.AppStore|ARM.Deploy.0 = Release|Any CPU
		{481D0726-17DA-4CB1-BA0A-CF371055462A}.AppStore|iPhone.ActiveCfg = Release|Any CPU
		{481D0726-17DA-4CB1-BA0A-CF371055462A}.AppStore|iPhone.Build.0 = Release|Any CPU
		{481D0726-17DA-4CB1-BA0A-CF371055462A}.AppStore|iPhone.Deploy.0 = Release|Any CPU
		{481D0726-17DA-4CB1-BA0A-CF371055462A}.AppStore|iPhoneSimulator.ActiveCfg = Release|Any CPU
		{481D0726-17DA-4CB1-BA0A-CF371055462A}.AppStore|iPhoneSimulator.Build.0 = Release|Any CPU
		{481D0726-17DA-4CB1-BA0A-CF371055462A}.AppStore|iPhoneSimulator.Deploy.0 = Release|Any CPU
		{481D0726-17DA-4CB1-BA0A-CF371055462A}.AppStore|x64.ActiveCfg = Release|Any CPU
		{481D0726-17DA-4CB1-BA0A-CF371055462A}.AppStore|x64.Build.0 = Release|Any CPU
		{481D0726-17DA-4CB1-BA0A-CF371055462A}.AppStore|x64.Deploy.0 = Release|Any CPU
		{481D0726-17DA-4CB1-BA0A-CF371055462A}.AppStore|x86.ActiveCfg = Release|Any CPU
		{481D0726-17DA-4CB1-BA0A-CF371055462A}.AppStore|x86.Build.0 = Release|Any CPU
		{481D0726-17DA-4CB1-BA0A-CF371055462A}.AppStore|x86.Deploy.0 = Release|Any CPU
		{481D0726-17DA-4CB1-BA0A-CF371055462A}.Debug|Any CPU.ActiveCfg = Debug|Any CPU
		{481D0726-17DA-4CB1-BA0A-CF371055462A}.Debug|Any CPU.Build.0 = Debug|Any CPU
		{481D0726-17DA-4CB1-BA0A-CF371055462A}.Debug|Any CPU.Deploy.0 = Debug|Any CPU
		{481D0726-17DA-4CB1-BA0A-CF371055462A}.Debug|ARM.ActiveCfg = Debug|Any CPU
		{481D0726-17DA-4CB1-BA0A-CF371055462A}.Debug|ARM.Build.0 = Debug|Any CPU
		{481D0726-17DA-4CB1-BA0A-CF371055462A}.Debug|ARM.Deploy.0 = Debug|Any CPU
		{481D0726-17DA-4CB1-BA0A-CF371055462A}.Debug|iPhone.ActiveCfg = Debug|Any CPU
		{481D0726-17DA-4CB1-BA0A-CF371055462A}.Debug|iPhone.Build.0 = Debug|Any CPU
		{481D0726-17DA-4CB1-BA0A-CF371055462A}.Debug|iPhone.Deploy.0 = Debug|Any CPU
		{481D0726-17DA-4CB1-BA0A-CF371055462A}.Debug|iPhoneSimulator.ActiveCfg = Debug|Any CPU
		{481D0726-17DA-4CB1-BA0A-CF371055462A}.Debug|iPhoneSimulator.Build.0 = Debug|Any CPU
		{481D0726-17DA-4CB1-BA0A-CF371055462A}.Debug|iPhoneSimulator.Deploy.0 = Debug|Any CPU
		{481D0726-17DA-4CB1-BA0A-CF371055462A}.Debug|x64.ActiveCfg = Debug|Any CPU
		{481D0726-17DA-4CB1-BA0A-CF371055462A}.Debug|x64.Build.0 = Debug|Any CPU
		{481D0726-17DA-4CB1-BA0A-CF371055462A}.Debug|x64.Deploy.0 = Debug|Any CPU
		{481D0726-17DA-4CB1-BA0A-CF371055462A}.Debug|x86.ActiveCfg = Debug|Any CPU
		{481D0726-17DA-4CB1-BA0A-CF371055462A}.Debug|x86.Build.0 = Debug|Any CPU
		{481D0726-17DA-4CB1-BA0A-CF371055462A}.Debug|x86.Deploy.0 = Debug|Any CPU
		{481D0726-17DA-4CB1-BA0A-CF371055462A}.Release|Any CPU.ActiveCfg = Release|Any CPU
		{481D0726-17DA-4CB1-BA0A-CF371055462A}.Release|Any CPU.Build.0 = Release|Any CPU
		{481D0726-17DA-4CB1-BA0A-CF371055462A}.Release|Any CPU.Deploy.0 = Release|Any CPU
		{481D0726-17DA-4CB1-BA0A-CF371055462A}.Release|ARM.ActiveCfg = Release|Any CPU
		{481D0726-17DA-4CB1-BA0A-CF371055462A}.Release|ARM.Build.0 = Release|Any CPU
		{481D0726-17DA-4CB1-BA0A-CF371055462A}.Release|ARM.Deploy.0 = Release|Any CPU
		{481D0726-17DA-4CB1-BA0A-CF371055462A}.Release|iPhone.ActiveCfg = Release|Any CPU
		{481D0726-17DA-4CB1-BA0A-CF371055462A}.Release|iPhone.Build.0 = Release|Any CPU
		{481D0726-17DA-4CB1-BA0A-CF371055462A}.Release|iPhone.Deploy.0 = Release|Any CPU
		{481D0726-17DA-4CB1-BA0A-CF371055462A}.Release|iPhoneSimulator.ActiveCfg = Release|Any CPU
		{481D0726-17DA-4CB1-BA0A-CF371055462A}.Release|iPhoneSimulator.Build.0 = Release|Any CPU
		{481D0726-17DA-4CB1-BA0A-CF371055462A}.Release|iPhoneSimulator.Deploy.0 = Release|Any CPU
		{481D0726-17DA-4CB1-BA0A-CF371055462A}.Release|x64.ActiveCfg = Release|Any CPU
		{481D0726-17DA-4CB1-BA0A-CF371055462A}.Release|x64.Build.0 = Release|Any CPU
		{481D0726-17DA-4CB1-BA0A-CF371055462A}.Release|x64.Deploy.0 = Release|Any CPU
		{481D0726-17DA-4CB1-BA0A-CF371055462A}.Release|x86.ActiveCfg = Release|Any CPU
		{481D0726-17DA-4CB1-BA0A-CF371055462A}.Release|x86.Build.0 = Release|Any CPU
		{481D0726-17DA-4CB1-BA0A-CF371055462A}.Release|x86.Deploy.0 = Release|Any CPU
		{EEF876B7-DF8D-40C9-B7B4-C0D2250A0755}.Ad-Hoc|Any CPU.ActiveCfg = Release|Any CPU
		{EEF876B7-DF8D-40C9-B7B4-C0D2250A0755}.Ad-Hoc|Any CPU.Build.0 = Release|Any CPU
		{EEF876B7-DF8D-40C9-B7B4-C0D2250A0755}.Ad-Hoc|ARM.ActiveCfg = Release|Any CPU
		{EEF876B7-DF8D-40C9-B7B4-C0D2250A0755}.Ad-Hoc|ARM.Build.0 = Release|Any CPU
		{EEF876B7-DF8D-40C9-B7B4-C0D2250A0755}.Ad-Hoc|iPhone.ActiveCfg = Release|Any CPU
		{EEF876B7-DF8D-40C9-B7B4-C0D2250A0755}.Ad-Hoc|iPhone.Build.0 = Release|Any CPU
		{EEF876B7-DF8D-40C9-B7B4-C0D2250A0755}.Ad-Hoc|iPhoneSimulator.ActiveCfg = Release|Any CPU
		{EEF876B7-DF8D-40C9-B7B4-C0D2250A0755}.Ad-Hoc|iPhoneSimulator.Build.0 = Release|Any CPU
		{EEF876B7-DF8D-40C9-B7B4-C0D2250A0755}.Ad-Hoc|x64.ActiveCfg = Release|Any CPU
		{EEF876B7-DF8D-40C9-B7B4-C0D2250A0755}.Ad-Hoc|x64.Build.0 = Release|Any CPU
		{EEF876B7-DF8D-40C9-B7B4-C0D2250A0755}.Ad-Hoc|x86.ActiveCfg = Release|Any CPU
		{EEF876B7-DF8D-40C9-B7B4-C0D2250A0755}.Ad-Hoc|x86.Build.0 = Release|Any CPU
		{EEF876B7-DF8D-40C9-B7B4-C0D2250A0755}.AppStore|Any CPU.ActiveCfg = Release|Any CPU
		{EEF876B7-DF8D-40C9-B7B4-C0D2250A0755}.AppStore|Any CPU.Build.0 = Release|Any CPU
		{EEF876B7-DF8D-40C9-B7B4-C0D2250A0755}.AppStore|ARM.ActiveCfg = Release|Any CPU
		{EEF876B7-DF8D-40C9-B7B4-C0D2250A0755}.AppStore|ARM.Build.0 = Release|Any CPU
		{EEF876B7-DF8D-40C9-B7B4-C0D2250A0755}.AppStore|iPhone.ActiveCfg = Release|Any CPU
		{EEF876B7-DF8D-40C9-B7B4-C0D2250A0755}.AppStore|iPhone.Build.0 = Release|Any CPU
		{EEF876B7-DF8D-40C9-B7B4-C0D2250A0755}.AppStore|iPhoneSimulator.ActiveCfg = Release|Any CPU
		{EEF876B7-DF8D-40C9-B7B4-C0D2250A0755}.AppStore|iPhoneSimulator.Build.0 = Release|Any CPU
		{EEF876B7-DF8D-40C9-B7B4-C0D2250A0755}.AppStore|x64.ActiveCfg = Release|Any CPU
		{EEF876B7-DF8D-40C9-B7B4-C0D2250A0755}.AppStore|x64.Build.0 = Release|Any CPU
		{EEF876B7-DF8D-40C9-B7B4-C0D2250A0755}.AppStore|x86.ActiveCfg = Release|Any CPU
		{EEF876B7-DF8D-40C9-B7B4-C0D2250A0755}.AppStore|x86.Build.0 = Release|Any CPU
		{EEF876B7-DF8D-40C9-B7B4-C0D2250A0755}.Debug|Any CPU.ActiveCfg = Debug|Any CPU
		{EEF876B7-DF8D-40C9-B7B4-C0D2250A0755}.Debug|Any CPU.Build.0 = Debug|Any CPU
		{EEF876B7-DF8D-40C9-B7B4-C0D2250A0755}.Debug|ARM.ActiveCfg = Debug|Any CPU
		{EEF876B7-DF8D-40C9-B7B4-C0D2250A0755}.Debug|ARM.Build.0 = Debug|Any CPU
		{EEF876B7-DF8D-40C9-B7B4-C0D2250A0755}.Debug|iPhone.ActiveCfg = Debug|Any CPU
		{EEF876B7-DF8D-40C9-B7B4-C0D2250A0755}.Debug|iPhone.Build.0 = Debug|Any CPU
		{EEF876B7-DF8D-40C9-B7B4-C0D2250A0755}.Debug|iPhoneSimulator.ActiveCfg = Debug|Any CPU
		{EEF876B7-DF8D-40C9-B7B4-C0D2250A0755}.Debug|iPhoneSimulator.Build.0 = Debug|Any CPU
		{EEF876B7-DF8D-40C9-B7B4-C0D2250A0755}.Debug|x64.ActiveCfg = Debug|Any CPU
		{EEF876B7-DF8D-40C9-B7B4-C0D2250A0755}.Debug|x64.Build.0 = Debug|Any CPU
		{EEF876B7-DF8D-40C9-B7B4-C0D2250A0755}.Debug|x86.ActiveCfg = Debug|Any CPU
		{EEF876B7-DF8D-40C9-B7B4-C0D2250A0755}.Debug|x86.Build.0 = Debug|Any CPU
		{EEF876B7-DF8D-40C9-B7B4-C0D2250A0755}.Release|Any CPU.ActiveCfg = Release|Any CPU
		{EEF876B7-DF8D-40C9-B7B4-C0D2250A0755}.Release|Any CPU.Build.0 = Release|Any CPU
		{EEF876B7-DF8D-40C9-B7B4-C0D2250A0755}.Release|ARM.ActiveCfg = Release|Any CPU
		{EEF876B7-DF8D-40C9-B7B4-C0D2250A0755}.Release|ARM.Build.0 = Release|Any CPU
		{EEF876B7-DF8D-40C9-B7B4-C0D2250A0755}.Release|iPhone.ActiveCfg = Release|Any CPU
		{EEF876B7-DF8D-40C9-B7B4-C0D2250A0755}.Release|iPhone.Build.0 = Release|Any CPU
		{EEF876B7-DF8D-40C9-B7B4-C0D2250A0755}.Release|iPhoneSimulator.ActiveCfg = Release|Any CPU
		{EEF876B7-DF8D-40C9-B7B4-C0D2250A0755}.Release|iPhoneSimulator.Build.0 = Release|Any CPU
		{EEF876B7-DF8D-40C9-B7B4-C0D2250A0755}.Release|x64.ActiveCfg = Release|Any CPU
		{EEF876B7-DF8D-40C9-B7B4-C0D2250A0755}.Release|x64.Build.0 = Release|Any CPU
		{EEF876B7-DF8D-40C9-B7B4-C0D2250A0755}.Release|x86.ActiveCfg = Release|Any CPU
		{EEF876B7-DF8D-40C9-B7B4-C0D2250A0755}.Release|x86.Build.0 = Release|Any CPU
		{B469863D-C381-4C30-8C89-C42AF035321B}.Ad-Hoc|Any CPU.ActiveCfg = Release|x86
		{B469863D-C381-4C30-8C89-C42AF035321B}.Ad-Hoc|Any CPU.Build.0 = Release|x86
		{B469863D-C381-4C30-8C89-C42AF035321B}.Ad-Hoc|Any CPU.Deploy.0 = Release|x86
		{B469863D-C381-4C30-8C89-C42AF035321B}.Ad-Hoc|ARM.ActiveCfg = Release|ARM
		{B469863D-C381-4C30-8C89-C42AF035321B}.Ad-Hoc|ARM.Build.0 = Release|ARM
		{B469863D-C381-4C30-8C89-C42AF035321B}.Ad-Hoc|ARM.Deploy.0 = Release|ARM
		{B469863D-C381-4C30-8C89-C42AF035321B}.Ad-Hoc|iPhone.ActiveCfg = Release|x86
		{B469863D-C381-4C30-8C89-C42AF035321B}.Ad-Hoc|iPhone.Build.0 = Release|x86
		{B469863D-C381-4C30-8C89-C42AF035321B}.Ad-Hoc|iPhone.Deploy.0 = Release|x86
		{B469863D-C381-4C30-8C89-C42AF035321B}.Ad-Hoc|iPhoneSimulator.ActiveCfg = Release|x86
		{B469863D-C381-4C30-8C89-C42AF035321B}.Ad-Hoc|iPhoneSimulator.Build.0 = Release|x86
		{B469863D-C381-4C30-8C89-C42AF035321B}.Ad-Hoc|iPhoneSimulator.Deploy.0 = Release|x86
		{B469863D-C381-4C30-8C89-C42AF035321B}.Ad-Hoc|x64.ActiveCfg = Release|x64
		{B469863D-C381-4C30-8C89-C42AF035321B}.Ad-Hoc|x64.Build.0 = Release|x64
		{B469863D-C381-4C30-8C89-C42AF035321B}.Ad-Hoc|x64.Deploy.0 = Release|x64
		{B469863D-C381-4C30-8C89-C42AF035321B}.Ad-Hoc|x86.ActiveCfg = Release|x86
		{B469863D-C381-4C30-8C89-C42AF035321B}.Ad-Hoc|x86.Build.0 = Release|x86
		{B469863D-C381-4C30-8C89-C42AF035321B}.Ad-Hoc|x86.Deploy.0 = Release|x86
		{B469863D-C381-4C30-8C89-C42AF035321B}.AppStore|Any CPU.ActiveCfg = Release|x86
		{B469863D-C381-4C30-8C89-C42AF035321B}.AppStore|Any CPU.Build.0 = Release|x86
		{B469863D-C381-4C30-8C89-C42AF035321B}.AppStore|Any CPU.Deploy.0 = Release|x86
		{B469863D-C381-4C30-8C89-C42AF035321B}.AppStore|ARM.ActiveCfg = Release|ARM
		{B469863D-C381-4C30-8C89-C42AF035321B}.AppStore|ARM.Build.0 = Release|ARM
		{B469863D-C381-4C30-8C89-C42AF035321B}.AppStore|ARM.Deploy.0 = Release|ARM
		{B469863D-C381-4C30-8C89-C42AF035321B}.AppStore|iPhone.ActiveCfg = Release|x86
		{B469863D-C381-4C30-8C89-C42AF035321B}.AppStore|iPhone.Build.0 = Release|x86
		{B469863D-C381-4C30-8C89-C42AF035321B}.AppStore|iPhone.Deploy.0 = Release|x86
		{B469863D-C381-4C30-8C89-C42AF035321B}.AppStore|iPhoneSimulator.ActiveCfg = Release|x86
		{B469863D-C381-4C30-8C89-C42AF035321B}.AppStore|iPhoneSimulator.Build.0 = Release|x86
		{B469863D-C381-4C30-8C89-C42AF035321B}.AppStore|iPhoneSimulator.Deploy.0 = Release|x86
		{B469863D-C381-4C30-8C89-C42AF035321B}.AppStore|x64.ActiveCfg = Release|x64
		{B469863D-C381-4C30-8C89-C42AF035321B}.AppStore|x64.Build.0 = Release|x64
		{B469863D-C381-4C30-8C89-C42AF035321B}.AppStore|x64.Deploy.0 = Release|x64
		{B469863D-C381-4C30-8C89-C42AF035321B}.AppStore|x86.ActiveCfg = Release|x86
		{B469863D-C381-4C30-8C89-C42AF035321B}.AppStore|x86.Build.0 = Release|x86
		{B469863D-C381-4C30-8C89-C42AF035321B}.AppStore|x86.Deploy.0 = Release|x86
		{B469863D-C381-4C30-8C89-C42AF035321B}.Debug|Any CPU.ActiveCfg = Debug|x86
		{B469863D-C381-4C30-8C89-C42AF035321B}.Debug|ARM.ActiveCfg = Debug|ARM
		{B469863D-C381-4C30-8C89-C42AF035321B}.Debug|ARM.Build.0 = Debug|ARM
		{B469863D-C381-4C30-8C89-C42AF035321B}.Debug|ARM.Deploy.0 = Debug|ARM
		{B469863D-C381-4C30-8C89-C42AF035321B}.Debug|iPhone.ActiveCfg = Debug|x86
		{B469863D-C381-4C30-8C89-C42AF035321B}.Debug|iPhoneSimulator.ActiveCfg = Debug|x86
		{B469863D-C381-4C30-8C89-C42AF035321B}.Debug|x64.ActiveCfg = Debug|x64
		{B469863D-C381-4C30-8C89-C42AF035321B}.Debug|x64.Build.0 = Debug|x64
		{B469863D-C381-4C30-8C89-C42AF035321B}.Debug|x64.Deploy.0 = Debug|x64
		{B469863D-C381-4C30-8C89-C42AF035321B}.Debug|x86.ActiveCfg = Debug|x86
		{B469863D-C381-4C30-8C89-C42AF035321B}.Debug|x86.Build.0 = Debug|x86
		{B469863D-C381-4C30-8C89-C42AF035321B}.Debug|x86.Deploy.0 = Debug|x86
		{B469863D-C381-4C30-8C89-C42AF035321B}.Release|Any CPU.ActiveCfg = Release|x86
		{B469863D-C381-4C30-8C89-C42AF035321B}.Release|ARM.ActiveCfg = Release|ARM
		{B469863D-C381-4C30-8C89-C42AF035321B}.Release|ARM.Build.0 = Release|ARM
		{B469863D-C381-4C30-8C89-C42AF035321B}.Release|ARM.Deploy.0 = Release|ARM
		{B469863D-C381-4C30-8C89-C42AF035321B}.Release|iPhone.ActiveCfg = Release|x86
		{B469863D-C381-4C30-8C89-C42AF035321B}.Release|iPhoneSimulator.ActiveCfg = Release|x86
		{B469863D-C381-4C30-8C89-C42AF035321B}.Release|x64.ActiveCfg = Release|x64
		{B469863D-C381-4C30-8C89-C42AF035321B}.Release|x64.Build.0 = Release|x64
		{B469863D-C381-4C30-8C89-C42AF035321B}.Release|x64.Deploy.0 = Release|x64
		{B469863D-C381-4C30-8C89-C42AF035321B}.Release|x86.ActiveCfg = Release|x86
		{B469863D-C381-4C30-8C89-C42AF035321B}.Release|x86.Build.0 = Release|x86
		{B469863D-C381-4C30-8C89-C42AF035321B}.Release|x86.Deploy.0 = Release|x86
		{CCF8CA78-BA2C-4979-96FD-7AB9DC72E316}.Ad-Hoc|Any CPU.ActiveCfg = Ad-Hoc|iPhoneSimulator
		{CCF8CA78-BA2C-4979-96FD-7AB9DC72E316}.Ad-Hoc|ARM.ActiveCfg = Ad-Hoc|iPhone
		{CCF8CA78-BA2C-4979-96FD-7AB9DC72E316}.Ad-Hoc|iPhone.ActiveCfg = Ad-Hoc|iPhone
		{CCF8CA78-BA2C-4979-96FD-7AB9DC72E316}.Ad-Hoc|iPhone.Build.0 = Ad-Hoc|iPhone
		{CCF8CA78-BA2C-4979-96FD-7AB9DC72E316}.Ad-Hoc|iPhoneSimulator.ActiveCfg = Ad-Hoc|iPhoneSimulator
		{CCF8CA78-BA2C-4979-96FD-7AB9DC72E316}.Ad-Hoc|iPhoneSimulator.Build.0 = Ad-Hoc|iPhoneSimulator
		{CCF8CA78-BA2C-4979-96FD-7AB9DC72E316}.Ad-Hoc|x64.ActiveCfg = Ad-Hoc|iPhone
		{CCF8CA78-BA2C-4979-96FD-7AB9DC72E316}.Ad-Hoc|x86.ActiveCfg = Ad-Hoc|iPhone
		{CCF8CA78-BA2C-4979-96FD-7AB9DC72E316}.AppStore|Any CPU.ActiveCfg = AppStore|iPhoneSimulator
		{CCF8CA78-BA2C-4979-96FD-7AB9DC72E316}.AppStore|ARM.ActiveCfg = AppStore|iPhone
		{CCF8CA78-BA2C-4979-96FD-7AB9DC72E316}.AppStore|iPhone.ActiveCfg = AppStore|iPhone
		{CCF8CA78-BA2C-4979-96FD-7AB9DC72E316}.AppStore|iPhone.Build.0 = AppStore|iPhone
		{CCF8CA78-BA2C-4979-96FD-7AB9DC72E316}.AppStore|iPhoneSimulator.ActiveCfg = AppStore|iPhoneSimulator
		{CCF8CA78-BA2C-4979-96FD-7AB9DC72E316}.AppStore|iPhoneSimulator.Build.0 = AppStore|iPhoneSimulator
		{CCF8CA78-BA2C-4979-96FD-7AB9DC72E316}.AppStore|x64.ActiveCfg = AppStore|iPhone
		{CCF8CA78-BA2C-4979-96FD-7AB9DC72E316}.AppStore|x86.ActiveCfg = AppStore|iPhone
		{CCF8CA78-BA2C-4979-96FD-7AB9DC72E316}.Debug|Any CPU.ActiveCfg = Debug|iPhoneSimulator
		{CCF8CA78-BA2C-4979-96FD-7AB9DC72E316}.Debug|ARM.ActiveCfg = Debug|iPhone
		{CCF8CA78-BA2C-4979-96FD-7AB9DC72E316}.Debug|iPhone.ActiveCfg = Debug|iPhone
		{CCF8CA78-BA2C-4979-96FD-7AB9DC72E316}.Debug|iPhone.Build.0 = Debug|iPhone
		{CCF8CA78-BA2C-4979-96FD-7AB9DC72E316}.Debug|iPhoneSimulator.ActiveCfg = Debug|iPhoneSimulator
		{CCF8CA78-BA2C-4979-96FD-7AB9DC72E316}.Debug|iPhoneSimulator.Build.0 = Debug|iPhoneSimulator
		{CCF8CA78-BA2C-4979-96FD-7AB9DC72E316}.Debug|x64.ActiveCfg = Debug|iPhone
		{CCF8CA78-BA2C-4979-96FD-7AB9DC72E316}.Debug|x86.ActiveCfg = Debug|iPhone
		{CCF8CA78-BA2C-4979-96FD-7AB9DC72E316}.Release|Any CPU.ActiveCfg = Release|iPhoneSimulator
		{CCF8CA78-BA2C-4979-96FD-7AB9DC72E316}.Release|ARM.ActiveCfg = Release|iPhone
		{CCF8CA78-BA2C-4979-96FD-7AB9DC72E316}.Release|iPhone.ActiveCfg = Release|iPhone
		{CCF8CA78-BA2C-4979-96FD-7AB9DC72E316}.Release|iPhone.Build.0 = Release|iPhone
		{CCF8CA78-BA2C-4979-96FD-7AB9DC72E316}.Release|iPhoneSimulator.ActiveCfg = Release|iPhoneSimulator
		{CCF8CA78-BA2C-4979-96FD-7AB9DC72E316}.Release|iPhoneSimulator.Build.0 = Release|iPhoneSimulator
		{CCF8CA78-BA2C-4979-96FD-7AB9DC72E316}.Release|x64.ActiveCfg = Release|iPhone
		{CCF8CA78-BA2C-4979-96FD-7AB9DC72E316}.Release|x86.ActiveCfg = Release|iPhone
		{4710BE3E-196C-4C22-BAA3-C0E60B19D587}.Ad-Hoc|Any CPU.ActiveCfg = Release|Any CPU
		{4710BE3E-196C-4C22-BAA3-C0E60B19D587}.Ad-Hoc|Any CPU.Build.0 = Release|Any CPU
		{4710BE3E-196C-4C22-BAA3-C0E60B19D587}.Ad-Hoc|ARM.ActiveCfg = Release|Any CPU
		{4710BE3E-196C-4C22-BAA3-C0E60B19D587}.Ad-Hoc|ARM.Build.0 = Release|Any CPU
		{4710BE3E-196C-4C22-BAA3-C0E60B19D587}.Ad-Hoc|iPhone.ActiveCfg = Release|Any CPU
		{4710BE3E-196C-4C22-BAA3-C0E60B19D587}.Ad-Hoc|iPhone.Build.0 = Release|Any CPU
		{4710BE3E-196C-4C22-BAA3-C0E60B19D587}.Ad-Hoc|iPhoneSimulator.ActiveCfg = Release|Any CPU
		{4710BE3E-196C-4C22-BAA3-C0E60B19D587}.Ad-Hoc|iPhoneSimulator.Build.0 = Release|Any CPU
		{4710BE3E-196C-4C22-BAA3-C0E60B19D587}.Ad-Hoc|x64.ActiveCfg = Release|Any CPU
		{4710BE3E-196C-4C22-BAA3-C0E60B19D587}.Ad-Hoc|x64.Build.0 = Release|Any CPU
		{4710BE3E-196C-4C22-BAA3-C0E60B19D587}.Ad-Hoc|x86.ActiveCfg = Release|Any CPU
		{4710BE3E-196C-4C22-BAA3-C0E60B19D587}.Ad-Hoc|x86.Build.0 = Release|Any CPU
		{4710BE3E-196C-4C22-BAA3-C0E60B19D587}.AppStore|Any CPU.ActiveCfg = Release|Any CPU
		{4710BE3E-196C-4C22-BAA3-C0E60B19D587}.AppStore|Any CPU.Build.0 = Release|Any CPU
		{4710BE3E-196C-4C22-BAA3-C0E60B19D587}.AppStore|ARM.ActiveCfg = Release|Any CPU
		{4710BE3E-196C-4C22-BAA3-C0E60B19D587}.AppStore|ARM.Build.0 = Release|Any CPU
		{4710BE3E-196C-4C22-BAA3-C0E60B19D587}.AppStore|iPhone.ActiveCfg = Release|Any CPU
		{4710BE3E-196C-4C22-BAA3-C0E60B19D587}.AppStore|iPhone.Build.0 = Release|Any CPU
		{4710BE3E-196C-4C22-BAA3-C0E60B19D587}.AppStore|iPhoneSimulator.ActiveCfg = Release|Any CPU
		{4710BE3E-196C-4C22-BAA3-C0E60B19D587}.AppStore|iPhoneSimulator.Build.0 = Release|Any CPU
		{4710BE3E-196C-4C22-BAA3-C0E60B19D587}.AppStore|x64.ActiveCfg = Release|Any CPU
		{4710BE3E-196C-4C22-BAA3-C0E60B19D587}.AppStore|x64.Build.0 = Release|Any CPU
		{4710BE3E-196C-4C22-BAA3-C0E60B19D587}.AppStore|x86.ActiveCfg = Release|Any CPU
		{4710BE3E-196C-4C22-BAA3-C0E60B19D587}.AppStore|x86.Build.0 = Release|Any CPU
		{4710BE3E-196C-4C22-BAA3-C0E60B19D587}.Debug|Any CPU.ActiveCfg = Debug|Any CPU
		{4710BE3E-196C-4C22-BAA3-C0E60B19D587}.Debug|Any CPU.Build.0 = Debug|Any CPU
		{4710BE3E-196C-4C22-BAA3-C0E60B19D587}.Debug|ARM.ActiveCfg = Debug|Any CPU
		{4710BE3E-196C-4C22-BAA3-C0E60B19D587}.Debug|ARM.Build.0 = Debug|Any CPU
		{4710BE3E-196C-4C22-BAA3-C0E60B19D587}.Debug|iPhone.ActiveCfg = Debug|Any CPU
		{4710BE3E-196C-4C22-BAA3-C0E60B19D587}.Debug|iPhone.Build.0 = Debug|Any CPU
		{4710BE3E-196C-4C22-BAA3-C0E60B19D587}.Debug|iPhoneSimulator.ActiveCfg = Debug|Any CPU
		{4710BE3E-196C-4C22-BAA3-C0E60B19D587}.Debug|iPhoneSimulator.Build.0 = Debug|Any CPU
		{4710BE3E-196C-4C22-BAA3-C0E60B19D587}.Debug|x64.ActiveCfg = Debug|Any CPU
		{4710BE3E-196C-4C22-BAA3-C0E60B19D587}.Debug|x64.Build.0 = Debug|Any CPU
		{4710BE3E-196C-4C22-BAA3-C0E60B19D587}.Debug|x86.ActiveCfg = Debug|Any CPU
		{4710BE3E-196C-4C22-BAA3-C0E60B19D587}.Debug|x86.Build.0 = Debug|Any CPU
		{4710BE3E-196C-4C22-BAA3-C0E60B19D587}.Release|Any CPU.ActiveCfg = Release|Any CPU
		{4710BE3E-196C-4C22-BAA3-C0E60B19D587}.Release|Any CPU.Build.0 = Release|Any CPU
		{4710BE3E-196C-4C22-BAA3-C0E60B19D587}.Release|ARM.ActiveCfg = Release|Any CPU
		{4710BE3E-196C-4C22-BAA3-C0E60B19D587}.Release|ARM.Build.0 = Release|Any CPU
		{4710BE3E-196C-4C22-BAA3-C0E60B19D587}.Release|iPhone.ActiveCfg = Release|Any CPU
		{4710BE3E-196C-4C22-BAA3-C0E60B19D587}.Release|iPhone.Build.0 = Release|Any CPU
		{4710BE3E-196C-4C22-BAA3-C0E60B19D587}.Release|iPhoneSimulator.ActiveCfg = Release|Any CPU
		{4710BE3E-196C-4C22-BAA3-C0E60B19D587}.Release|iPhoneSimulator.Build.0 = Release|Any CPU
		{4710BE3E-196C-4C22-BAA3-C0E60B19D587}.Release|x64.ActiveCfg = Release|Any CPU
		{4710BE3E-196C-4C22-BAA3-C0E60B19D587}.Release|x64.Build.0 = Release|Any CPU
		{4710BE3E-196C-4C22-BAA3-C0E60B19D587}.Release|x86.ActiveCfg = Release|Any CPU
		{4710BE3E-196C-4C22-BAA3-C0E60B19D587}.Release|x86.Build.0 = Release|Any CPU
	EndGlobalSection
	GlobalSection(SolutionProperties) = preSolution
		HideSolutionNode = FALSE
	EndGlobalSection
	GlobalSection(ExtensibilityGlobals) = postSolution
		SolutionGuid = {F26F70F6-DDF4-4153-B46A-C4C22DF8E039}
	EndGlobalSection
EndGlobal
